
Microsoft Visual Studio Solution File, Format Version 12.00
# Visual Studio Version 17
VisualStudioVersion = 17.6.33723.286
MinimumVisualStudioVersion = 10.0.40219.1
Project("{FAE04EC0-301F-11D3-BF4B-00C04F79EFBC}") = "exam", "exam\exam.csproj", "{EBAD6E23-8B05-44B0-97ED-5A05387B7193}"
EndProject
Global
	GlobalSection(SolutionConfigurationPlatforms) = preSolution
		Debug|Any CPU = Debug|Any CPU
		Release|Any CPU = Release|Any CPU
	EndGlobalSection
	GlobalSection(ProjectConfigurationPlatforms) = postSolution
		{EBAD6E23-8B05-44B0-97ED-5A05387B7193}.Debug|Any CPU.ActiveCfg = Debug|Any CPU
		{EBAD6E23-8B05-44B0-97ED-5A05387B7193}.Debug|Any CPU.Build.0 = Debug|Any CPU
		{EBAD6E23-8B05-44B0-97ED-5A05387B7193}.Release|Any CPU.ActiveCfg = Release|Any CPU
		{EBAD6E23-8B05-44B0-97ED-5A05387B7193}.Release|Any CPU.Build.0 = Release|Any CPU
	EndGlobalSection
	GlobalSection(SolutionProperties) = preSolution
		HideSolutionNode = FALSE
	EndGlobalSection
	GlobalSection(ExtensibilityGlobals) = postSolution
		SolutionGuid = {F7944790-F54E-4EDE-B4B1-82AAB162DFF3}
	EndGlobalSection
EndGlobal
